
Microsoft Visual Studio Solution File, Format Version 9.00
# Visual Studio 2005
Project("{FAE04EC0-301F-11D3-BF4B-00C04F79EFBC}") = "canibales", "canibales\canibales.csproj", "{8F4792A4-3938-464F-BEFE-A3C9C9EDE1A6}"
EndProject
Global
	GlobalSection(SolutionConfigurationPlatforms) = preSolution
		Debug|Any CPU = Debug|Any CPU
		Release|Any CPU = Release|Any CPU
	EndGlobalSection
	GlobalSection(ProjectConfigurationPlatforms) = postSolution
		{8F4792A4-3938-464F-BEFE-A3C9C9EDE1A6}.Debug|Any CPU.ActiveCfg = Debug|Any CPU
		{8F4792A4-3938-464F-BEFE-A3C9C9EDE1A6}.Debug|Any CPU.Build.0 = Debug|Any CPU
		{8F4792A4-3938-464F-BEFE-A3C9C9EDE1A6}.Release|Any CPU.ActiveCfg = Release|Any CPU
		{8F4792A4-3938-464F-BEFE-A3C9C9EDE1A6}.Release|Any CPU.Build.0 = Release|Any CPU
	EndGlobalSection
	GlobalSection(SolutionProperties) = preSolution
		HideSolutionNode = FALSE
	EndGlobalSection
EndGlobal
